
Microsoft Visual Studio Solution File, Format Version 12.00
Project("{FAE04EC0-301F-11D3-BF4B-00C04F79EFBC}") = "FileService", "src\FileService\FileService.csproj", "{B607C6F6-6072-420B-8692-8AFA93E07780}"
EndProject
Project("{FAE04EC0-301F-11D3-BF4B-00C04F79EFBC}") = "FileService.Communication", "src\FileService.Communication\FileService.Communication.csproj", "{1C5BFF02-69B1-4C6F-8740-304EBF732210}"
EndProject
Project("{FAE04EC0-301F-11D3-BF4B-00C04F79EFBC}") = "FileService.Contracts", "src\FileService.Contracts\FileService.Contracts.csproj", "{F2F2EE60-4427-4D6B-AE71-9CD8D3DFED07}"
EndProject
Project("{2150E333-8FDC-42A3-9474-1A3956D46DE8}") = "Solution Items", "Solution Items", "{09DDF118-23C4-46BB-AD36-30D75F42E7A9}"
	ProjectSection(SolutionItems) = preProject
		Directory.Build.props = Directory.Build.props
		Dockerfile = Dockerfile
	EndProjectSection
EndProject
Global
	GlobalSection(SolutionConfigurationPlatforms) = preSolution
		Debug|Any CPU = Debug|Any CPU
		Release|Any CPU = Release|Any CPU
	EndGlobalSection
	GlobalSection(ProjectConfigurationPlatforms) = postSolution
		{B607C6F6-6072-420B-8692-8AFA93E07780}.Debug|Any CPU.ActiveCfg = Debug|Any CPU
		{B607C6F6-6072-420B-8692-8AFA93E07780}.Debug|Any CPU.Build.0 = Debug|Any CPU
		{B607C6F6-6072-420B-8692-8AFA93E07780}.Release|Any CPU.ActiveCfg = Release|Any CPU
		{B607C6F6-6072-420B-8692-8AFA93E07780}.Release|Any CPU.Build.0 = Release|Any CPU
		{1C5BFF02-69B1-4C6F-8740-304EBF732210}.Debug|Any CPU.ActiveCfg = Debug|Any CPU
		{1C5BFF02-69B1-4C6F-8740-304EBF732210}.Debug|Any CPU.Build.0 = Debug|Any CPU
		{1C5BFF02-69B1-4C6F-8740-304EBF732210}.Release|Any CPU.ActiveCfg = Release|Any CPU
		{1C5BFF02-69B1-4C6F-8740-304EBF732210}.Release|Any CPU.Build.0 = Release|Any CPU
		{F2F2EE60-4427-4D6B-AE71-9CD8D3DFED07}.Debug|Any CPU.ActiveCfg = Debug|Any CPU
		{F2F2EE60-4427-4D6B-AE71-9CD8D3DFED07}.Debug|Any CPU.Build.0 = Debug|Any CPU
		{F2F2EE60-4427-4D6B-AE71-9CD8D3DFED07}.Release|Any CPU.ActiveCfg = Release|Any CPU
		{F2F2EE60-4427-4D6B-AE71-9CD8D3DFED07}.Release|Any CPU.Build.0 = Release|Any CPU
	EndGlobalSection
EndGlobal
